
Microsoft Visual Studio Solution File, Format Version 12.00
# Visual Studio Version 16
VisualStudioVersion = 16.0.32228.343
MinimumVisualStudioVersion = 10.0.40219.1
Project("{FAE04EC0-301F-11D3-BF4B-00C04F79EFBC}") = "Atividade9", "Atividade9\Atividade9.csproj", "{8858D63E-1A8F-4E98-A1CE-D0CED8B653D2}"
EndProject
Global
	GlobalSection(SolutionConfigurationPlatforms) = preSolution
		Debug|Any CPU = Debug|Any CPU
		Release|Any CPU = Release|Any CPU
	EndGlobalSection
	GlobalSection(ProjectConfigurationPlatforms) = postSolution
		{8858D63E-1A8F-4E98-A1CE-D0CED8B653D2}.Debug|Any CPU.ActiveCfg = Debug|Any CPU
		{8858D63E-1A8F-4E98-A1CE-D0CED8B653D2}.Debug|Any CPU.Build.0 = Debug|Any CPU
		{8858D63E-1A8F-4E98-A1CE-D0CED8B653D2}.Release|Any CPU.ActiveCfg = Release|Any CPU
		{8858D63E-1A8F-4E98-A1CE-D0CED8B653D2}.Release|Any CPU.Build.0 = Release|Any CPU
	EndGlobalSection
	GlobalSection(SolutionProperties) = preSolution
		HideSolutionNode = FALSE
	EndGlobalSection
	GlobalSection(ExtensibilityGlobals) = postSolution
		SolutionGuid = {F4A5F675-3C69-480C-A6DD-945857E3ED53}
	EndGlobalSection
EndGlobal
